// !$*UTF8*$!
{
	archiveVersion = 1;
	classes = {
	};
	objectVersion = 55;
	objects = {

/* Begin PBXBuildFile section */
		5105CF5E288EBBD4002D5CA2 /* Jeju.swift in Sources */ = {isa = PBXBuildFile; fileRef = 5105CF5D288EBBD4002D5CA2 /* Jeju.swift */; };
		5105CF60288EC27B002D5CA2 /* Seoul.swift in Sources */ = {isa = PBXBuildFile; fileRef = 5105CF5F288EC27B002D5CA2 /* Seoul.swift */; };
		513988AE288973290087EB47 /* HomeView.swift in Sources */ = {isa = PBXBuildFile; fileRef = 513988AD288973290087EB47 /* HomeView.swift */; };
		513988B428897BD10087EB47 /* ExpenseView.swift in Sources */ = {isa = PBXBuildFile; fileRef = 513988B328897BD10087EB47 /* ExpenseView.swift */; };
		513988B628897DE00087EB47 /* Expense.swift in Sources */ = {isa = PBXBuildFile; fileRef = 513988B528897DE00087EB47 /* Expense.swift */; };
		513988B828897FB20087EB47 /* ExpenseViewModel.swift in Sources */ = {isa = PBXBuildFile; fileRef = 513988B728897FB20087EB47 /* ExpenseViewModel.swift */; };
		513988BA28898BAF0087EB47 /* TransactionCardView.swift in Sources */ = {isa = PBXBuildFile; fileRef = 513988B928898BAF0087EB47 /* TransactionCardView.swift */; };
		513988BC28898EBB0087EB47 /* FilteredDetailView.swift in Sources */ = {isa = PBXBuildFile; fileRef = 513988BB28898EBB0087EB47 /* FilteredDetailView.swift */; };
		513988BE2889942E0087EB47 /* ExpenseCard.swift in Sources */ = {isa = PBXBuildFile; fileRef = 513988BD2889942E0087EB47 /* ExpenseCard.swift */; };
		5152AEE6288AC2C8009DE4D4 /* Post.swift in Sources */ = {isa = PBXBuildFile; fileRef = 5152AEE5288AC2C8009DE4D4 /* Post.swift */; };
		5152AEE8288ACD31009DE4D4 /* CreatePost.swift in Sources */ = {isa = PBXBuildFile; fileRef = 5152AEE7288ACD31009DE4D4 /* CreatePost.swift */; };
		5152AEEA288AD26A009DE4D4 /* TextView.swift in Sources */ = {isa = PBXBuildFile; fileRef = 5152AEE9288AD26A009DE4D4 /* TextView.swift */; };
		5159E9512890380A00CE7EC5 /* TabUIView.swift in Sources */ = {isa = PBXBuildFile; fileRef = 5159E9502890380A00CE7EC5 /* TabUIView.swift */; };
		5160F3D3288A9450001D0073 /* DateValue.swift in Sources */ = {isa = PBXBuildFile; fileRef = 5160F3CF288A9450001D0073 /* DateValue.swift */; };
		5160F3D4288A9450001D0073 /* CustomDatePicker.swift in Sources */ = {isa = PBXBuildFile; fileRef = 5160F3D0288A9450001D0073 /* CustomDatePicker.swift */; };
		5160F3D5288A9450001D0073 /* Task.swift in Sources */ = {isa = PBXBuildFile; fileRef = 5160F3D1288A9450001D0073 /* Task.swift */; };
		5160F3D6288A9450001D0073 /* CalendarView.swift in Sources */ = {isa = PBXBuildFile; fileRef = 5160F3D2288A9450001D0073 /* CalendarView.swift */; };
		5160F3D8288A948E001D0073 /* DiaryView.swift in Sources */ = {isa = PBXBuildFile; fileRef = 5160F3D7288A948E001D0073 /* DiaryView.swift */; };
		5160F3DA288A9517001D0073 /* GoogleService-Info.plist in Resources */ = {isa = PBXBuildFile; fileRef = 5160F3D9288A9517001D0073 /* GoogleService-Info.plist */; };
		5160F3DD288A96B9001D0073 /* BlogViewModel.swift in Sources */ = {isa = PBXBuildFile; fileRef = 5160F3DC288A96B9001D0073 /* BlogViewModel.swift */; };
		5162EC3D2890001D00477DD6 /* LoginView.swift in Sources */ = {isa = PBXBuildFile; fileRef = 5162EC3C2890001D00477DD6 /* LoginView.swift */; };
		5162EC41289009D000477DD6 /* GoogleSignIn in Frameworks */ = {isa = PBXBuildFile; productRef = 5162EC40289009D000477DD6 /* GoogleSignIn */; };
		5162EC43289009D000477DD6 /* GoogleSignInSwift in Frameworks */ = {isa = PBXBuildFile; productRef = 5162EC42289009D000477DD6 /* GoogleSignInSwift */; };
		5197E5D3288A869500C16ACE /* FirebaseAuth in Frameworks */ = {isa = PBXBuildFile; productRef = 5197E5D2288A869500C16ACE /* FirebaseAuth */; };
		5197E5D5288A869500C16ACE /* FirebaseDatabase in Frameworks */ = {isa = PBXBuildFile; productRef = 5197E5D4288A869500C16ACE /* FirebaseDatabase */; };
		5197E5D7288A869500C16ACE /* FirebaseDatabaseSwift in Frameworks */ = {isa = PBXBuildFile; productRef = 5197E5D6288A869500C16ACE /* FirebaseDatabaseSwift */; };
		5197E5D9288A869500C16ACE /* FirebaseDynamicLinks in Frameworks */ = {isa = PBXBuildFile; productRef = 5197E5D8288A869500C16ACE /* FirebaseDynamicLinks */; };
		5197E5DB288A869500C16ACE /* FirebaseFirestore in Frameworks */ = {isa = PBXBuildFile; productRef = 5197E5DA288A869500C16ACE /* FirebaseFirestore */; };
		5197E5DD288A869500C16ACE /* FirebaseFirestoreCombine-Community in Frameworks */ = {isa = PBXBuildFile; productRef = 5197E5DC288A869500C16ACE /* FirebaseFirestoreCombine-Community */; };
		5197E5DF288A869500C16ACE /* FirebaseFirestoreSwift in Frameworks */ = {isa = PBXBuildFile; productRef = 5197E5DE288A869500C16ACE /* FirebaseFirestoreSwift */; };
		5197E5E1288A869500C16ACE /* FirebaseFunctions in Frameworks */ = {isa = PBXBuildFile; productRef = 5197E5E0288A869500C16ACE /* FirebaseFunctions */; };
		5197E5E3288A869500C16ACE /* FirebaseStorage in Frameworks */ = {isa = PBXBuildFile; productRef = 5197E5E2288A869500C16ACE /* FirebaseStorage */; };
		5197E5E5288A869500C16ACE /* FirebaseStorageCombine-Community in Frameworks */ = {isa = PBXBuildFile; productRef = 5197E5E4288A869500C16ACE /* FirebaseStorageCombine-Community */; };
		51C68C6628893653002C2F17 /* TravelApplicationApp.swift in Sources */ = {isa = PBXBuildFile; fileRef = 51C68C6528893653002C2F17 /* TravelApplicationApp.swift */; };
		51C68C6828893653002C2F17 /* ContentView.swift in Sources */ = {isa = PBXBuildFile; fileRef = 51C68C6728893653002C2F17 /* ContentView.swift */; };
		51C68C6A28893654002C2F17 /* Assets.xcassets in Resources */ = {isa = PBXBuildFile; fileRef = 51C68C6928893654002C2F17 /* Assets.xcassets */; };
		51C68C6D28893654002C2F17 /* Preview Assets.xcassets in Resources */ = {isa = PBXBuildFile; fileRef = 51C68C6C28893654002C2F17 /* Preview Assets.xcassets */; };
		51C68C6F28893654002C2F17 /* Persistence.swift in Sources */ = {isa = PBXBuildFile; fileRef = 51C68C6E28893654002C2F17 /* Persistence.swift */; };
		51C68C7228893654002C2F17 /* TravelApplication.xcdatamodeld in Sources */ = {isa = PBXBuildFile; fileRef = 51C68C7028893654002C2F17 /* TravelApplication.xcdatamodeld */; };
		51C68C7C28893654002C2F17 /* TravelApplicationTests.swift in Sources */ = {isa = PBXBuildFile; fileRef = 51C68C7B28893654002C2F17 /* TravelApplicationTests.swift */; };
		51C68C8628893654002C2F17 /* TravelApplicationUITests.swift in Sources */ = {isa = PBXBuildFile; fileRef = 51C68C8528893654002C2F17 /* TravelApplicationUITests.swift */; };
		51C68C8828893654002C2F17 /* TravelApplicationUITestsLaunchTests.swift in Sources */ = {isa = PBXBuildFile; fileRef = 51C68C8728893654002C2F17 /* TravelApplicationUITestsLaunchTests.swift */; };
		51C68C9C28893CC7002C2F17 /* UserView.swift in Sources */ = {isa = PBXBuildFile; fileRef = 51C68C9B28893CC7002C2F17 /* UserView.swift */; };
		51E061DC288A3CC2001463FA /* NewExpense.swift in Sources */ = {isa = PBXBuildFile; fileRef = 51E061DB288A3CC2001463FA /* NewExpense.swift */; };
		51E061DF288A4EA8001463FA /* Localizable.strings in Resources */ = {isa = PBXBuildFile; fileRef = 51E061E1288A4EA8001463FA /* Localizable.strings */; };
/* End PBXBuildFile section */

/* Begin PBXContainerItemProxy section */
		51C68C7828893654002C2F17 /* PBXContainerItemProxy */ = {
			isa = PBXContainerItemProxy;
			containerPortal = 51C68C5A28893653002C2F17 /* Project object */;
			proxyType = 1;
			remoteGlobalIDString = 51C68C6128893653002C2F17;
			remoteInfo = TravelApplication;
		};
		51C68C8228893654002C2F17 /* PBXContainerItemProxy */ = {
			isa = PBXContainerItemProxy;
			containerPortal = 51C68C5A28893653002C2F17 /* Project object */;
			proxyType = 1;
			remoteGlobalIDString = 51C68C6128893653002C2F17;
			remoteInfo = TravelApplication;
		};
/* End PBXContainerItemProxy section */

/* Begin PBXFileReference section */
		5105CF5D288EBBD4002D5CA2 /* Jeju.swift */ = {isa = PBXFileReference; lastKnownFileType = sourcecode.swift; path = Jeju.swift; sourceTree = "<group>"; };
		5105CF5F288EC27B002D5CA2 /* Seoul.swift */ = {isa = PBXFileReference; lastKnownFileType = sourcecode.swift; path = Seoul.swift; sourceTree = "<group>"; };
		513988AD288973290087EB47 /* HomeView.swift */ = {isa = PBXFileReference; lastKnownFileType = sourcecode.swift; path = HomeView.swift; sourceTree = "<group>"; };
		513988B328897BD10087EB47 /* ExpenseView.swift */ = {isa = PBXFileReference; lastKnownFileType = sourcecode.swift; path = ExpenseView.swift; sourceTree = "<group>"; };
		513988B528897DE00087EB47 /* Expense.swift */ = {isa = PBXFileReference; lastKnownFileType = sourcecode.swift; path = Expense.swift; sourceTree = "<group>"; };
		513988B728897FB20087EB47 /* ExpenseViewModel.swift */ = {isa = PBXFileReference; lastKnownFileType = sourcecode.swift; path = ExpenseViewModel.swift; sourceTree = "<group>"; };
		513988B928898BAF0087EB47 /* TransactionCardView.swift */ = {isa = PBXFileReference; lastKnownFileType = sourcecode.swift; path = TransactionCardView.swift; sourceTree = "<group>"; };
		513988BB28898EBB0087EB47 /* FilteredDetailView.swift */ = {isa = PBXFileReference; lastKnownFileType = sourcecode.swift; path = FilteredDetailView.swift; sourceTree = "<group>"; };
		513988BD2889942E0087EB47 /* ExpenseCard.swift */ = {isa = PBXFileReference; lastKnownFileType = sourcecode.swift; path = ExpenseCard.swift; sourceTree = "<group>"; };
		5152AEE5288AC2C8009DE4D4 /* Post.swift */ = {isa = PBXFileReference; lastKnownFileType = sourcecode.swift; path = Post.swift; sourceTree = "<group>"; };
		5152AEE7288ACD31009DE4D4 /* CreatePost.swift */ = {isa = PBXFileReference; lastKnownFileType = sourcecode.swift; path = CreatePost.swift; sourceTree = "<group>"; };
		5152AEE9288AD26A009DE4D4 /* TextView.swift */ = {isa = PBXFileReference; lastKnownFileType = sourcecode.swift; path = TextView.swift; sourceTree = "<group>"; };
		5159E9502890380A00CE7EC5 /* TabUIView.swift */ = {isa = PBXFileReference; lastKnownFileType = sourcecode.swift; path = TabUIView.swift; sourceTree = "<group>"; };
		5160F3CF288A9450001D0073 /* DateValue.swift */ = {isa = PBXFileReference; fileEncoding = 4; lastKnownFileType = sourcecode.swift; path = DateValue.swift; sourceTree = "<group>"; };
		5160F3D0288A9450001D0073 /* CustomDatePicker.swift */ = {isa = PBXFileReference; fileEncoding = 4; lastKnownFileType = sourcecode.swift; path = CustomDatePicker.swift; sourceTree = "<group>"; };
		5160F3D1288A9450001D0073 /* Task.swift */ = {isa = PBXFileReference; fileEncoding = 4; lastKnownFileType = sourcecode.swift; path = Task.swift; sourceTree = "<group>"; };
		5160F3D2288A9450001D0073 /* CalendarView.swift */ = {isa = PBXFileReference; fileEncoding = 4; lastKnownFileType = sourcecode.swift; path = CalendarView.swift; sourceTree = "<group>"; };
		5160F3D7288A948E001D0073 /* DiaryView.swift */ = {isa = PBXFileReference; lastKnownFileType = sourcecode.swift; path = DiaryView.swift; sourceTree = "<group>"; };
		5160F3D9288A9517001D0073 /* GoogleService-Info.plist */ = {isa = PBXFileReference; fileEncoding = 4; lastKnownFileType = text.plist.xml; path = "GoogleService-Info.plist"; sourceTree = "<group>"; };
		5160F3DC288A96B9001D0073 /* BlogViewModel.swift */ = {isa = PBXFileReference; lastKnownFileType = sourcecode.swift; path = BlogViewModel.swift; sourceTree = "<group>"; };
		5162EC3C2890001D00477DD6 /* LoginView.swift */ = {isa = PBXFileReference; lastKnownFileType = sourcecode.swift; path = LoginView.swift; sourceTree = "<group>"; };
		5162EC3E289006ED00477DD6 /* Info.plist */ = {isa = PBXFileReference; lastKnownFileType = text.plist; path = Info.plist; sourceTree = "<group>"; };
		51C68C6228893653002C2F17 /* TravelApplication.app */ = {isa = PBXFileReference; explicitFileType = wrapper.application; includeInIndex = 0; path = TravelApplication.app; sourceTree = BUILT_PRODUCTS_DIR; };
		51C68C6528893653002C2F17 /* TravelApplicationApp.swift */ = {isa = PBXFileReference; lastKnownFileType = sourcecode.swift; path = TravelApplicationApp.swift; sourceTree = "<group>"; };
		51C68C6728893653002C2F17 /* ContentView.swift */ = {isa = PBXFileReference; lastKnownFileType = sourcecode.swift; path = ContentView.swift; sourceTree = "<group>"; };
		51C68C6928893654002C2F17 /* Assets.xcassets */ = {isa = PBXFileReference; lastKnownFileType = folder.assetcatalog; path = Assets.xcassets; sourceTree = "<group>"; };
		51C68C6C28893654002C2F17 /* Preview Assets.xcassets */ = {isa = PBXFileReference; lastKnownFileType = folder.assetcatalog; path = "Preview Assets.xcassets"; sourceTree = "<group>"; };
		51C68C6E28893654002C2F17 /* Persistence.swift */ = {isa = PBXFileReference; lastKnownFileType = sourcecode.swift; path = Persistence.swift; sourceTree = "<group>"; };
		51C68C7128893654002C2F17 /* TravelApplication.xcdatamodel */ = {isa = PBXFileReference; lastKnownFileType = wrapper.xcdatamodel; path = TravelApplication.xcdatamodel; sourceTree = "<group>"; };
		51C68C7728893654002C2F17 /* TravelApplicationTests.xctest */ = {isa = PBXFileReference; explicitFileType = wrapper.cfbundle; includeInIndex = 0; path = TravelApplicationTests.xctest; sourceTree = BUILT_PRODUCTS_DIR; };
		51C68C7B28893654002C2F17 /* TravelApplicationTests.swift */ = {isa = PBXFileReference; lastKnownFileType = sourcecode.swift; path = TravelApplicationTests.swift; sourceTree = "<group>"; };
		51C68C8128893654002C2F17 /* TravelApplicationUITests.xctest */ = {isa = PBXFileReference; explicitFileType = wrapper.cfbundle; includeInIndex = 0; path = TravelApplicationUITests.xctest; sourceTree = BUILT_PRODUCTS_DIR; };
		51C68C8528893654002C2F17 /* TravelApplicationUITests.swift */ = {isa = PBXFileReference; lastKnownFileType = sourcecode.swift; path = TravelApplicationUITests.swift; sourceTree = "<group>"; };
		51C68C8728893654002C2F17 /* TravelApplicationUITestsLaunchTests.swift */ = {isa = PBXFileReference; lastKnownFileType = sourcecode.swift; path = TravelApplicationUITestsLaunchTests.swift; sourceTree = "<group>"; };
		51C68C9B28893CC7002C2F17 /* UserView.swift */ = {isa = PBXFileReference; lastKnownFileType = sourcecode.swift; path = UserView.swift; sourceTree = "<group>"; };
		51E061DB288A3CC2001463FA /* NewExpense.swift */ = {isa = PBXFileReference; lastKnownFileType = sourcecode.swift; path = NewExpense.swift; sourceTree = "<group>"; };
		51E061E0288A4EA8001463FA /* en */ = {isa = PBXFileReference; lastKnownFileType = text.plist.strings; name = en; path = en.lproj/Localizable.strings; sourceTree = "<group>"; };
		51E061E2288A4F48001463FA /* ko */ = {isa = PBXFileReference; lastKnownFileType = text.plist.strings; name = ko; path = ko.lproj/Localizable.strings; sourceTree = "<group>"; };
/* End PBXFileReference section */

/* Begin PBXFrameworksBuildPhase section */
		51C68C5F28893653002C2F17 /* Frameworks */ = {
			isa = PBXFrameworksBuildPhase;
			buildActionMask = 2147483647;
			files = (
				5197E5D7288A869500C16ACE /* FirebaseDatabaseSwift in Frameworks */,
				5197E5D5288A869500C16ACE /* FirebaseDatabase in Frameworks */,
				5162EC41289009D000477DD6 /* GoogleSignIn in Frameworks */,
				5162EC43289009D000477DD6 /* GoogleSignInSwift in Frameworks */,
				5197E5E5288A869500C16ACE /* FirebaseStorageCombine-Community in Frameworks */,
				5197E5E3288A869500C16ACE /* FirebaseStorage in Frameworks */,
				5197E5D3288A869500C16ACE /* FirebaseAuth in Frameworks */,
				5197E5E1288A869500C16ACE /* FirebaseFunctions in Frameworks */,
				5197E5DF288A869500C16ACE /* FirebaseFirestoreSwift in Frameworks */,
				5197E5DD288A869500C16ACE /* FirebaseFirestoreCombine-Community in Frameworks */,
				5197E5DB288A869500C16ACE /* FirebaseFirestore in Frameworks */,
				5197E5D9288A869500C16ACE /* FirebaseDynamicLinks in Frameworks */,
			);
			runOnlyForDeploymentPostprocessing = 0;
		};
		51C68C7428893654002C2F17 /* Frameworks */ = {
			isa = PBXFrameworksBuildPhase;
			buildActionMask = 2147483647;
			files = (
			);
			runOnlyForDeploymentPostprocessing = 0;
		};
		51C68C7E28893654002C2F17 /* Frameworks */ = {
			isa = PBXFrameworksBuildPhase;
			buildActionMask = 2147483647;
			files = (
			);
			runOnlyForDeploymentPostprocessing = 0;
		};
/* End PBXFrameworksBuildPhase section */

/* Begin PBXGroup section */
		513988B228897BBA0087EB47 /* ExpenseViewController */ = {
			isa = PBXGroup;
			children = (
				513988B328897BD10087EB47 /* ExpenseView.swift */,
				513988B528897DE00087EB47 /* Expense.swift */,
				513988B728897FB20087EB47 /* ExpenseViewModel.swift */,
				513988B928898BAF0087EB47 /* TransactionCardView.swift */,
				513988BB28898EBB0087EB47 /* FilteredDetailView.swift */,
				513988BD2889942E0087EB47 /* ExpenseCard.swift */,
				51E061DB288A3CC2001463FA /* NewExpense.swift */,
			);
			path = ExpenseViewController;
			sourceTree = "<group>";
		};
		5160F3CE288A9438001D0073 /* CalendarController */ = {
			isa = PBXGroup;
			children = (
				5160F3D2288A9450001D0073 /* CalendarView.swift */,
				5160F3D0288A9450001D0073 /* CustomDatePicker.swift */,
				5160F3CF288A9450001D0073 /* DateValue.swift */,
				5160F3D1288A9450001D0073 /* Task.swift */,
			);
			path = CalendarController;
			sourceTree = "<group>";
		};
		5160F3DB288A957E001D0073 /* DiaryController */ = {
			isa = PBXGroup;
			children = (
				5160F3D7288A948E001D0073 /* DiaryView.swift */,
				5160F3DC288A96B9001D0073 /* BlogViewModel.swift */,
				5152AEE5288AC2C8009DE4D4 /* Post.swift */,
				5152AEE7288ACD31009DE4D4 /* CreatePost.swift */,
				5152AEE9288AD26A009DE4D4 /* TextView.swift */,
			);
			path = DiaryController;
			sourceTree = "<group>";
		};
		5186E3F9288DA45E00E1C0E3 /* MainView */ = {
			isa = PBXGroup;
			children = (
				513988AD288973290087EB47 /* HomeView.swift */,
				5105CF5D288EBBD4002D5CA2 /* Jeju.swift */,
				5105CF5F288EC27B002D5CA2 /* Seoul.swift */,
			);
			path = MainView;
			sourceTree = "<group>";
		};
		5197E5CE288A830000C16ACE /* Frameworks */ = {
			isa = PBXGroup;
			children = (
			);
			name = Frameworks;
			sourceTree = "<group>";
		};
		51C68C5928893653002C2F17 = {
			isa = PBXGroup;
			children = (
				51C68C6428893653002C2F17 /* TravelApplication */,
				51C68C7A28893654002C2F17 /* TravelApplicationTests */,
				51C68C8428893654002C2F17 /* TravelApplicationUITests */,
				51C68C6328893653002C2F17 /* Products */,
				5197E5CE288A830000C16ACE /* Frameworks */,
			);
			sourceTree = "<group>";
		};
		51C68C6328893653002C2F17 /* Products */ = {
			isa = PBXGroup;
			children = (
				51C68C6228893653002C2F17 /* TravelApplication.app */,
				51C68C7728893654002C2F17 /* TravelApplicationTests.xctest */,
				51C68C8128893654002C2F17 /* TravelApplicationUITests.xctest */,
			);
			name = Products;
			sourceTree = "<group>";
		};
		51C68C6428893653002C2F17 /* TravelApplication */ = {
			isa = PBXGroup;
			children = (
				5162EC3E289006ED00477DD6 /* Info.plist */,
				51EAF56A288FD30F006B2CF9 /* MyPageView */,
				51EAF569288FD305006B2CF9 /* LoginView */,
				5186E3F9288DA45E00E1C0E3 /* MainView */,
				5160F3DB288A957E001D0073 /* DiaryController */,
				5160F3CE288A9438001D0073 /* CalendarController */,
				513988B228897BBA0087EB47 /* ExpenseViewController */,
				51C68C9828893BED002C2F17 /* ViewController */,
				51C68C6528893653002C2F17 /* TravelApplicationApp.swift */,
				51C68C6928893654002C2F17 /* Assets.xcassets */,
				51C68C6E28893654002C2F17 /* Persistence.swift */,
				51C68C7028893654002C2F17 /* TravelApplication.xcdatamodeld */,
				5160F3D9288A9517001D0073 /* GoogleService-Info.plist */,
				51C68C6B28893654002C2F17 /* Preview Content */,
				51E061E1288A4EA8001463FA /* Localizable.strings */,
			);
			path = TravelApplication;
			sourceTree = "<group>";
		};
		51C68C6B28893654002C2F17 /* Preview Content */ = {
			isa = PBXGroup;
			children = (
				51C68C6C28893654002C2F17 /* Preview Assets.xcassets */,
			);
			path = "Preview Content";
			sourceTree = "<group>";
		};
		51C68C7A28893654002C2F17 /* TravelApplicationTests */ = {
			isa = PBXGroup;
			children = (
				51C68C7B28893654002C2F17 /* TravelApplicationTests.swift */,
			);
			path = TravelApplicationTests;
			sourceTree = "<group>";
		};
		51C68C8428893654002C2F17 /* TravelApplicationUITests */ = {
			isa = PBXGroup;
			children = (
				51C68C8528893654002C2F17 /* TravelApplicationUITests.swift */,
				51C68C8728893654002C2F17 /* TravelApplicationUITestsLaunchTests.swift */,
			);
			path = TravelApplicationUITests;
			sourceTree = "<group>";
		};
		51C68C9828893BED002C2F17 /* ViewController */ = {
			isa = PBXGroup;
			children = (
				51C68C6728893653002C2F17 /* ContentView.swift */,
			);
			path = ViewController;
			sourceTree = "<group>";
		};
		51EAF569288FD305006B2CF9 /* LoginView */ = {
			isa = PBXGroup;
			children = (
				5162EC3C2890001D00477DD6 /* LoginView.swift */,
				5159E9502890380A00CE7EC5 /* TabUIView.swift */,
			);
			path = LoginView;
			sourceTree = "<group>";
		};
		51EAF56A288FD30F006B2CF9 /* MyPageView */ = {
			isa = PBXGroup;
			children = (
				51C68C9B28893CC7002C2F17 /* UserView.swift */,
			);
			path = MyPageView;
			sourceTree = "<group>";
		};
/* End PBXGroup section */

/* Begin PBXNativeTarget section */
		51C68C6128893653002C2F17 /* TravelApplication */ = {
			isa = PBXNativeTarget;
			buildConfigurationList = 51C68C8B28893654002C2F17 /* Build configuration list for PBXNativeTarget "TravelApplication" */;
			buildPhases = (
				51C68C5E28893653002C2F17 /* Sources */,
				51C68C5F28893653002C2F17 /* Frameworks */,
				51C68C6028893653002C2F17 /* Resources */,
			);
			buildRules = (
			);
			dependencies = (
			);
			name = TravelApplication;
			packageProductDependencies = (
				5197E5D2288A869500C16ACE /* FirebaseAuth */,
				5197E5D4288A869500C16ACE /* FirebaseDatabase */,
				5197E5D6288A869500C16ACE /* FirebaseDatabaseSwift */,
				5197E5D8288A869500C16ACE /* FirebaseDynamicLinks */,
				5197E5DA288A869500C16ACE /* FirebaseFirestore */,
				5197E5DC288A869500C16ACE /* FirebaseFirestoreCombine-Community */,
				5197E5DE288A869500C16ACE /* FirebaseFirestoreSwift */,
				5197E5E0288A869500C16ACE /* FirebaseFunctions */,
				5197E5E2288A869500C16ACE /* FirebaseStorage */,
				5197E5E4288A869500C16ACE /* FirebaseStorageCombine-Community */,
				5162EC40289009D000477DD6 /* GoogleSignIn */,
				5162EC42289009D000477DD6 /* GoogleSignInSwift */,
			);
			productName = TravelApplication;
			productReference = 51C68C6228893653002C2F17 /* TravelApplication.app */;
			productType = "com.apple.product-type.application";
		};
		51C68C7628893654002C2F17 /* TravelApplicationTests */ = {
			isa = PBXNativeTarget;
			buildConfigurationList = 51C68C8E28893654002C2F17 /* Build configuration list for PBXNativeTarget "TravelApplicationTests" */;
			buildPhases = (
				51C68C7328893654002C2F17 /* Sources */,
				51C68C7428893654002C2F17 /* Frameworks */,
				51C68C7528893654002C2F17 /* Resources */,
			);
			buildRules = (
			);
			dependencies = (
				51C68C7928893654002C2F17 /* PBXTargetDependency */,
			);
			name = TravelApplicationTests;
			productName = TravelApplicationTests;
			productReference = 51C68C7728893654002C2F17 /* TravelApplicationTests.xctest */;
			productType = "com.apple.product-type.bundle.unit-test";
		};
		51C68C8028893654002C2F17 /* TravelApplicationUITests */ = {
			isa = PBXNativeTarget;
			buildConfigurationList = 51C68C9128893654002C2F17 /* Build configuration list for PBXNativeTarget "TravelApplicationUITests" */;
			buildPhases = (
				51C68C7D28893654002C2F17 /* Sources */,
				51C68C7E28893654002C2F17 /* Frameworks */,
				51C68C7F28893654002C2F17 /* Resources */,
			);
			buildRules = (
			);
			dependencies = (
				51C68C8328893654002C2F17 /* PBXTargetDependency */,
			);
			name = TravelApplicationUITests;
			productName = TravelApplicationUITests;
			productReference = 51C68C8128893654002C2F17 /* TravelApplicationUITests.xctest */;
			productType = "com.apple.product-type.bundle.ui-testing";
		};
/* End PBXNativeTarget section */

/* Begin PBXProject section */
		51C68C5A28893653002C2F17 /* Project object */ = {
			isa = PBXProject;
			attributes = {
				BuildIndependentTargetsInParallel = 1;
				LastSwiftUpdateCheck = 1340;
				LastUpgradeCheck = 1340;
				TargetAttributes = {
					51C68C6128893653002C2F17 = {
						CreatedOnToolsVersion = 13.4.1;
					};
					51C68C7628893654002C2F17 = {
						CreatedOnToolsVersion = 13.4.1;
						TestTargetID = 51C68C6128893653002C2F17;
					};
					51C68C8028893654002C2F17 = {
						CreatedOnToolsVersion = 13.4.1;
						TestTargetID = 51C68C6128893653002C2F17;
					};
				};
			};
			buildConfigurationList = 51C68C5D28893653002C2F17 /* Build configuration list for PBXProject "TravelApplication" */;
			compatibilityVersion = "Xcode 13.0";
			developmentRegion = en;
			hasScannedForEncodings = 0;
			knownRegions = (
				en,
				Base,
				ko,
			);
			mainGroup = 51C68C5928893653002C2F17;
			packageReferences = (
				5197E5D1288A869500C16ACE /* XCRemoteSwiftPackageReference "firebase-ios-sdk" */,
				5162EC3F289009D000477DD6 /* XCRemoteSwiftPackageReference "GoogleSignIn-iOS" */,
			);
			productRefGroup = 51C68C6328893653002C2F17 /* Products */;
			projectDirPath = "";
			projectRoot = "";
			targets = (
				51C68C6128893653002C2F17 /* TravelApplication */,
				51C68C7628893654002C2F17 /* TravelApplicationTests */,
				51C68C8028893654002C2F17 /* TravelApplicationUITests */,
			);
		};
/* End PBXProject section */

/* Begin PBXResourcesBuildPhase section */
		51C68C6028893653002C2F17 /* Resources */ = {
			isa = PBXResourcesBuildPhase;
			buildActionMask = 2147483647;
			files = (
				51C68C6D28893654002C2F17 /* Preview Assets.xcassets in Resources */,
				5160F3DA288A9517001D0073 /* GoogleService-Info.plist in Resources */,
				51E061DF288A4EA8001463FA /* Localizable.strings in Resources */,
				51C68C6A28893654002C2F17 /* Assets.xcassets in Resources */,
			);
			runOnlyForDeploymentPostprocessing = 0;
		};
		51C68C7528893654002C2F17 /* Resources */ = {
			isa = PBXResourcesBuildPhase;
			buildActionMask = 2147483647;
			files = (
			);
			runOnlyForDeploymentPostprocessing = 0;
		};
		51C68C7F28893654002C2F17 /* Resources */ = {
			isa = PBXResourcesBuildPhase;
			buildActionMask = 2147483647;
			files = (
			);
			runOnlyForDeploymentPostprocessing = 0;
		};
/* End PBXResourcesBuildPhase section */

/* Begin PBXSourcesBuildPhase section */
		51C68C5E28893653002C2F17 /* Sources */ = {
			isa = PBXSourcesBuildPhase;
			buildActionMask = 2147483647;
			files = (
				5152AEE8288ACD31009DE4D4 /* CreatePost.swift in Sources */,
				5152AEEA288AD26A009DE4D4 /* TextView.swift in Sources */,
				5159E9512890380A00CE7EC5 /* TabUIView.swift in Sources */,
				513988BC28898EBB0087EB47 /* FilteredDetailView.swift in Sources */,
				5105CF5E288EBBD4002D5CA2 /* Jeju.swift in Sources */,
				51C68C7228893654002C2F17 /* TravelApplication.xcdatamodeld in Sources */,
				51E061DC288A3CC2001463FA /* NewExpense.swift in Sources */,
				5105CF60288EC27B002D5CA2 /* Seoul.swift in Sources */,
				5160F3D6288A9450001D0073 /* CalendarView.swift in Sources */,
				513988B828897FB20087EB47 /* ExpenseViewModel.swift in Sources */,
				51C68C6F28893654002C2F17 /* Persistence.swift in Sources */,
				5160F3DD288A96B9001D0073 /* BlogViewModel.swift in Sources */,
				5160F3D4288A9450001D0073 /* CustomDatePicker.swift in Sources */,
				5160F3D3288A9450001D0073 /* DateValue.swift in Sources */,
				5162EC3D2890001D00477DD6 /* LoginView.swift in Sources */,
				51C68C6828893653002C2F17 /* ContentView.swift in Sources */,
				5160F3D5288A9450001D0073 /* Task.swift in Sources */,
				513988AE288973290087EB47 /* HomeView.swift in Sources */,
				513988BE2889942E0087EB47 /* ExpenseCard.swift in Sources */,
				513988BA28898BAF0087EB47 /* TransactionCardView.swift in Sources */,
				51C68C6628893653002C2F17 /* TravelApplicationApp.swift in Sources */,
				5160F3D8288A948E001D0073 /* DiaryView.swift in Sources */,
				51C68C9C28893CC7002C2F17 /* UserView.swift in Sources */,
				513988B628897DE00087EB47 /* Expense.swift in Sources */,
				513988B428897BD10087EB47 /* ExpenseView.swift in Sources */,
				5152AEE6288AC2C8009DE4D4 /* Post.swift in Sources */,
			);
			runOnlyForDeploymentPostprocessing = 0;
		};
		51C68C7328893654002C2F17 /* Sources */ = {
			isa = PBXSourcesBuildPhase;
			buildActionMask = 2147483647;
			files = (
				51C68C7C28893654002C2F17 /* TravelApplicationTests.swift in Sources */,
			);
			runOnlyForDeploymentPostprocessing = 0;
		};
		51C68C7D28893654002C2F17 /* Sources */ = {
			isa = PBXSourcesBuildPhase;
			buildActionMask = 2147483647;
			files = (
				51C68C8628893654002C2F17 /* TravelApplicationUITests.swift in Sources */,
				51C68C8828893654002C2F17 /* TravelApplicationUITestsLaunchTests.swift in Sources */,
			);
			runOnlyForDeploymentPostprocessing = 0;
		};
/* End PBXSourcesBuildPhase section */

/* Begin PBXTargetDependency section */
		51C68C7928893654002C2F17 /* PBXTargetDependency */ = {
			isa = PBXTargetDependency;
			target = 51C68C6128893653002C2F17 /* TravelApplication */;
			targetProxy = 51C68C7828893654002C2F17 /* PBXContainerItemProxy */;
		};
		51C68C8328893654002C2F17 /* PBXTargetDependency */ = {
			isa = PBXTargetDependency;
			target = 51C68C6128893653002C2F17 /* TravelApplication */;
			targetProxy = 51C68C8228893654002C2F17 /* PBXContainerItemProxy */;
		};
/* End PBXTargetDependency section */

/* Begin PBXVariantGroup section */
		51E061E1288A4EA8001463FA /* Localizable.strings */ = {
			isa = PBXVariantGroup;
			children = (
				51E061E0288A4EA8001463FA /* en */,
				51E061E2288A4F48001463FA /* ko */,
			);
			name = Localizable.strings;
			sourceTree = "<group>";
		};
/* End PBXVariantGroup section */

/* Begin XCBuildConfiguration section */
		51C68C8928893654002C2F17 /* Debug */ = {
			isa = XCBuildConfiguration;
			buildSettings = {
				ALWAYS_SEARCH_USER_PATHS = NO;
				CLANG_ANALYZER_LOCALIZABILITY_NONLOCALIZED = YES;
				CLANG_ANALYZER_NONNULL = YES;
				CLANG_ANALYZER_NUMBER_OBJECT_CONVERSION = YES_AGGRESSIVE;
				CLANG_CXX_LANGUAGE_STANDARD = "gnu++17";
				CLANG_ENABLE_MODULES = YES;
				CLANG_ENABLE_OBJC_ARC = YES;
				CLANG_ENABLE_OBJC_WEAK = YES;
				CLANG_WARN_BLOCK_CAPTURE_AUTORELEASING = YES;
				CLANG_WARN_BOOL_CONVERSION = YES;
				CLANG_WARN_COMMA = YES;
				CLANG_WARN_CONSTANT_CONVERSION = YES;
				CLANG_WARN_DEPRECATED_OBJC_IMPLEMENTATIONS = YES;
				CLANG_WARN_DIRECT_OBJC_ISA_USAGE = YES_ERROR;
				CLANG_WARN_DOCUMENTATION_COMMENTS = YES;
				CLANG_WARN_EMPTY_BODY = YES;
				CLANG_WARN_ENUM_CONVERSION = YES;
				CLANG_WARN_INFINITE_RECURSION = YES;
				CLANG_WARN_INT_CONVERSION = YES;
				CLANG_WARN_NON_LITERAL_NULL_CONVERSION = YES;
				CLANG_WARN_OBJC_IMPLICIT_RETAIN_SELF = YES;
				CLANG_WARN_OBJC_LITERAL_CONVERSION = YES;
				CLANG_WARN_OBJC_ROOT_CLASS = YES_ERROR;
				CLANG_WARN_QUOTED_INCLUDE_IN_FRAMEWORK_HEADER = YES;
				CLANG_WARN_RANGE_LOOP_ANALYSIS = YES;
				CLANG_WARN_STRICT_PROTOTYPES = YES;
				CLANG_WARN_SUSPICIOUS_MOVE = YES;
				CLANG_WARN_UNGUARDED_AVAILABILITY = YES_AGGRESSIVE;
				CLANG_WARN_UNREACHABLE_CODE = YES;
				CLANG_WARN__DUPLICATE_METHOD_MATCH = YES;
				COPY_PHASE_STRIP = NO;
				DEBUG_INFORMATION_FORMAT = dwarf;
				ENABLE_STRICT_OBJC_MSGSEND = YES;
				ENABLE_TESTABILITY = YES;
				"EXCLUDED_ARCHS[sdk=iphonesimulator*]" = "";
				GCC_C_LANGUAGE_STANDARD = gnu11;
				GCC_DYNAMIC_NO_PIC = NO;
				GCC_NO_COMMON_BLOCKS = YES;
				GCC_OPTIMIZATION_LEVEL = 0;
				GCC_PREPROCESSOR_DEFINITIONS = (
					"DEBUG=1",
					"$(inherited)",
				);
				GCC_WARN_64_TO_32_BIT_CONVERSION = YES;
				GCC_WARN_ABOUT_RETURN_TYPE = YES_ERROR;
				GCC_WARN_UNDECLARED_SELECTOR = YES;
				GCC_WARN_UNINITIALIZED_AUTOS = YES_AGGRESSIVE;
				GCC_WARN_UNUSED_FUNCTION = YES;
				GCC_WARN_UNUSED_VARIABLE = YES;
				IPHONEOS_DEPLOYMENT_TARGET = 15.5;
				MTL_ENABLE_DEBUG_INFO = INCLUDE_SOURCE;
				MTL_FAST_MATH = YES;
				ONLY_ACTIVE_ARCH = YES;
				SDKROOT = iphoneos;
				SWIFT_ACTIVE_COMPILATION_CONDITIONS = DEBUG;
				SWIFT_OPTIMIZATION_LEVEL = "-Onone";
			};
			name = Debug;
		};
		51C68C8A28893654002C2F17 /* Release */ = {
			isa = XCBuildConfiguration;
			buildSettings = {
				ALWAYS_SEARCH_USER_PATHS = NO;
				CLANG_ANALYZER_LOCALIZABILITY_NONLOCALIZED = YES;
				CLANG_ANALYZER_NONNULL = YES;
				CLANG_ANALYZER_NUMBER_OBJECT_CONVERSION = YES_AGGRESSIVE;
				CLANG_CXX_LANGUAGE_STANDARD = "gnu++17";
				CLANG_ENABLE_MODULES = YES;
				CLANG_ENABLE_OBJC_ARC = YES;
				CLANG_ENABLE_OBJC_WEAK = YES;
				CLANG_WARN_BLOCK_CAPTURE_AUTORELEASING = YES;
				CLANG_WARN_BOOL_CONVERSION = YES;
				CLANG_WARN_COMMA = YES;
				CLANG_WARN_CONSTANT_CONVERSION = YES;
				CLANG_WARN_DEPRECATED_OBJC_IMPLEMENTATIONS = YES;
				CLANG_WARN_DIRECT_OBJC_ISA_USAGE = YES_ERROR;
				CLANG_WARN_DOCUMENTATION_COMMENTS = YES;
				CLANG_WARN_EMPTY_BODY = YES;
				CLANG_WARN_ENUM_CONVERSION = YES;
				CLANG_WARN_INFINITE_RECURSION = YES;
				CLANG_WARN_INT_CONVERSION = YES;
				CLANG_WARN_NON_LITERAL_NULL_CONVERSION = YES;
				CLANG_WARN_OBJC_IMPLICIT_RETAIN_SELF = YES;
				CLANG_WARN_OBJC_LITERAL_CONVERSION = YES;
				CLANG_WARN_OBJC_ROOT_CLASS = YES_ERROR;
				CLANG_WARN_QUOTED_INCLUDE_IN_FRAMEWORK_HEADER = YES;
				CLANG_WARN_RANGE_LOOP_ANALYSIS = YES;
				CLANG_WARN_STRICT_PROTOTYPES = YES;
				CLANG_WARN_SUSPICIOUS_MOVE = YES;
				CLANG_WARN_UNGUARDED_AVAILABILITY = YES_AGGRESSIVE;
				CLANG_WARN_UNREACHABLE_CODE = YES;
				CLANG_WARN__DUPLICATE_METHOD_MATCH = YES;
				COPY_PHASE_STRIP = NO;
				DEBUG_INFORMATION_FORMAT = "dwarf-with-dsym";
				ENABLE_NS_ASSERTIONS = NO;
				ENABLE_STRICT_OBJC_MSGSEND = YES;
				GCC_C_LANGUAGE_STANDARD = gnu11;
				GCC_NO_COMMON_BLOCKS = YES;
				GCC_WARN_64_TO_32_BIT_CONVERSION = YES;
				GCC_WARN_ABOUT_RETURN_TYPE = YES_ERROR;
				GCC_WARN_UNDECLARED_SELECTOR = YES;
				GCC_WARN_UNINITIALIZED_AUTOS = YES_AGGRESSIVE;
				GCC_WARN_UNUSED_FUNCTION = YES;
				GCC_WARN_UNUSED_VARIABLE = YES;
				IPHONEOS_DEPLOYMENT_TARGET = 15.5;
				MTL_ENABLE_DEBUG_INFO = NO;
				MTL_FAST_MATH = YES;
				SDKROOT = iphoneos;
				SWIFT_COMPILATION_MODE = wholemodule;
				SWIFT_OPTIMIZATION_LEVEL = "-O";
				VALIDATE_PRODUCT = YES;
			};
			name = Release;
		};
		51C68C8C28893654002C2F17 /* Debug */ = {
			isa = XCBuildConfiguration;
			buildSettings = {
				ASSETCATALOG_COMPILER_APPICON_NAME = AppIcon;
				ASSETCATALOG_COMPILER_GLOBAL_ACCENT_COLOR_NAME = AccentColor;
				CODE_SIGN_STYLE = Automatic;
				CURRENT_PROJECT_VERSION = 1;
				DEVELOPMENT_ASSET_PATHS = "\"TravelApplication/Preview Content\"";
				ENABLE_PREVIEWS = YES;
				GENERATE_INFOPLIST_FILE = YES;
				INFOPLIST_FILE = TravelApplication/Info.plist;
				INFOPLIST_KEY_UIApplicationSceneManifest_Generation = YES;
				INFOPLIST_KEY_UIApplicationSupportsIndirectInputEvents = YES;
				INFOPLIST_KEY_UILaunchScreen_Generation = YES;
				INFOPLIST_KEY_UISupportedInterfaceOrientations_iPad = "UIInterfaceOrientationPortrait UIInterfaceOrientationPortraitUpsideDown UIInterfaceOrientationLandscapeLeft UIInterfaceOrientationLandscapeRight";
				INFOPLIST_KEY_UISupportedInterfaceOrientations_iPhone = "UIInterfaceOrientationPortrait UIInterfaceOrientationLandscapeLeft UIInterfaceOrientationLandscapeRight";
				LD_RUNPATH_SEARCH_PATHS = (
					"$(inherited)",
					"@executable_path/Frameworks",
				);
				MARKETING_VERSION = 1.0;
				PRODUCT_BUNDLE_IDENTIFIER = com.MJA.TravelApplication;
				PRODUCT_NAME = "$(TARGET_NAME)";
				SWIFT_EMIT_LOC_STRINGS = YES;
				SWIFT_VERSION = 5.0;
				TARGETED_DEVICE_FAMILY = "1,2";
			};
			name = Debug;
		};
		51C68C8D28893654002C2F17 /* Release */ = {
			isa = XCBuildConfiguration;
			buildSettings = {
				ASSETCATALOG_COMPILER_APPICON_NAME = AppIcon;
				ASSETCATALOG_COMPILER_GLOBAL_ACCENT_COLOR_NAME = AccentColor;
				CODE_SIGN_STYLE = Automatic;
				CURRENT_PROJECT_VERSION = 1;
				DEVELOPMENT_ASSET_PATHS = "\"TravelApplication/Preview Content\"";
				ENABLE_PREVIEWS = YES;
				GENERATE_INFOPLIST_FILE = YES;
				INFOPLIST_FILE = TravelApplication/Info.plist;
				INFOPLIST_KEY_UIApplicationSceneManifest_Generation = YES;
				INFOPLIST_KEY_UIApplicationSupportsIndirectInputEvents = YES;
				INFOPLIST_KEY_UILaunchScreen_Generation = YES;
				INFOPLIST_KEY_UISupportedInterfaceOrientations_iPad = "UIInterfaceOrientationPortrait UIInterfaceOrientationPortraitUpsideDown UIInterfaceOrientationLandscapeLeft UIInterfaceOrientationLandscapeRight";
				INFOPLIST_KEY_UISupportedInterfaceOrientations_iPhone = "UIInterfaceOrientationPortrait UIInterfaceOrientationLandscapeLeft UIInterfaceOrientationLandscapeRight";
				LD_RUNPATH_SEARCH_PATHS = (
					"$(inherited)",
					"@executable_path/Frameworks",
				);
				MARKETING_VERSION = 1.0;
				PRODUCT_BUNDLE_IDENTIFIER = com.MJA.TravelApplication;
				PRODUCT_NAME = "$(TARGET_NAME)";
				SWIFT_EMIT_LOC_STRINGS = YES;
				SWIFT_VERSION = 5.0;
				TARGETED_DEVICE_FAMILY = "1,2";
			};
			name = Release;
		};
		51C68C8F28893654002C2F17 /* Debug */ = {
			isa = XCBuildConfiguration;
			buildSettings = {
				ALWAYS_EMBED_SWIFT_STANDARD_LIBRARIES = YES;
				BUNDLE_LOADER = "$(TEST_HOST)";
				CODE_SIGN_STYLE = Automatic;
				CURRENT_PROJECT_VERSION = 1;
				GENERATE_INFOPLIST_FILE = YES;
				IPHONEOS_DEPLOYMENT_TARGET = 15.5;
				MARKETING_VERSION = 1.0;
				PRODUCT_BUNDLE_IDENTIFIER = com.MJA.TravelApplicationTests;
				PRODUCT_NAME = "$(TARGET_NAME)";
				SWIFT_EMIT_LOC_STRINGS = NO;
				SWIFT_VERSION = 5.0;
				TARGETED_DEVICE_FAMILY = "1,2";
				TEST_HOST = "$(BUILT_PRODUCTS_DIR)/TravelApplication.app/TravelApplication";
			};
			name = Debug;
		};
		51C68C9028893654002C2F17 /* Release */ = {
			isa = XCBuildConfiguration;
			buildSettings = {
				ALWAYS_EMBED_SWIFT_STANDARD_LIBRARIES = YES;
				BUNDLE_LOADER = "$(TEST_HOST)";
				CODE_SIGN_STYLE = Automatic;
				CURRENT_PROJECT_VERSION = 1;
				GENERATE_INFOPLIST_FILE = YES;
				IPHONEOS_DEPLOYMENT_TARGET = 15.5;
				MARKETING_VERSION = 1.0;
				PRODUCT_BUNDLE_IDENTIFIER = com.MJA.TravelApplicationTests;
				PRODUCT_NAME = "$(TARGET_NAME)";
				SWIFT_EMIT_LOC_STRINGS = NO;
				SWIFT_VERSION = 5.0;
				TARGETED_DEVICE_FAMILY = "1,2";
				TEST_HOST = "$(BUILT_PRODUCTS_DIR)/TravelApplication.app/TravelApplication";
			};
			name = Release;
		};
		51C68C9228893654002C2F17 /* Debug */ = {
			isa = XCBuildConfiguration;
			buildSettings = {
				ALWAYS_EMBED_SWIFT_STANDARD_LIBRARIES = YES;
				CODE_SIGN_STYLE = Automatic;
				CURRENT_PROJECT_VERSION = 1;
				GENERATE_INFOPLIST_FILE = YES;
				MARKETING_VERSION = 1.0;
				PRODUCT_BUNDLE_IDENTIFIER = com.MJA.TravelApplicationUITests;
				PRODUCT_NAME = "$(TARGET_NAME)";
				SWIFT_EMIT_LOC_STRINGS = NO;
				SWIFT_VERSION = 5.0;
				TARGETED_DEVICE_FAMILY = "1,2";
				TEST_TARGET_NAME = TravelApplication;
			};
			name = Debug;
		};
		51C68C9328893654002C2F17 /* Release */ = {
			isa = XCBuildConfiguration;
			buildSettings = {
				ALWAYS_EMBED_SWIFT_STANDARD_LIBRARIES = YES;
				CODE_SIGN_STYLE = Automatic;
				CURRENT_PROJECT_VERSION = 1;
				GENERATE_INFOPLIST_FILE = YES;
				MARKETING_VERSION = 1.0;
				PRODUCT_BUNDLE_IDENTIFIER = com.MJA.TravelApplicationUITests;
				PRODUCT_NAME = "$(TARGET_NAME)";
				SWIFT_EMIT_LOC_STRINGS = NO;
				SWIFT_VERSION = 5.0;
				TARGETED_DEVICE_FAMILY = "1,2";
				TEST_TARGET_NAME = TravelApplication;
			};
			name = Release;
		};
/* End XCBuildConfiguration section */

/* Begin XCConfigurationList section */
		51C68C5D28893653002C2F17 /* Build configuration list for PBXProject "TravelApplication" */ = {
			isa = XCConfigurationList;
			buildConfigurations = (
				51C68C8928893654002C2F17 /* Debug */,
				51C68C8A28893654002C2F17 /* Release */,
			);
			defaultConfigurationIsVisible = 0;
			defaultConfigurationName = Release;
		};
		51C68C8B28893654002C2F17 /* Build configuration list for PBXNativeTarget "TravelApplication" */ = {
			isa = XCConfigurationList;
			buildConfigurations = (
				51C68C8C28893654002C2F17 /* Debug */,
				51C68C8D28893654002C2F17 /* Release */,
			);
			defaultConfigurationIsVisible = 0;
			defaultConfigurationName = Release;
		};
		51C68C8E28893654002C2F17 /* Build configuration list for PBXNativeTarget "TravelApplicationTests" */ = {
			isa = XCConfigurationList;
			buildConfigurations = (
				51C68C8F28893654002C2F17 /* Debug */,
				51C68C9028893654002C2F17 /* Release */,
			);
			defaultConfigurationIsVisible = 0;
			defaultConfigurationName = Release;
		};
		51C68C9128893654002C2F17 /* Build configuration list for PBXNativeTarget "TravelApplicationUITests" */ = {
			isa = XCConfigurationList;
			buildConfigurations = (
				51C68C9228893654002C2F17 /* Debug */,
				51C68C9328893654002C2F17 /* Release */,
			);
			defaultConfigurationIsVisible = 0;
			defaultConfigurationName = Release;
		};
/* End XCConfigurationList section */

/* Begin XCRemoteSwiftPackageReference section */
		5162EC3F289009D000477DD6 /* XCRemoteSwiftPackageReference "GoogleSignIn-iOS" */ = {
			isa = XCRemoteSwiftPackageReference;
			repositoryURL = "https://github.com/google/GoogleSignIn-iOS";
			requirement = {
				kind = upToNextMajorVersion;
				minimumVersion = 6.0.0;
			};
		};
		5197E5D1288A869500C16ACE /* XCRemoteSwiftPackageReference "firebase-ios-sdk" */ = {
			isa = XCRemoteSwiftPackageReference;
			repositoryURL = "https://github.com/firebase/firebase-ios-sdk";
			requirement = {
				branch = master;
				kind = branch;
			};
		};
/* End XCRemoteSwiftPackageReference section */

/* Begin XCSwiftPackageProductDependency section */
		5162EC40289009D000477DD6 /* GoogleSignIn */ = {
			isa = XCSwiftPackageProductDependency;
			package = 5162EC3F289009D000477DD6 /* XCRemoteSwiftPackageReference "GoogleSignIn-iOS" */;
			productName = GoogleSignIn;
		};
		5162EC42289009D000477DD6 /* GoogleSignInSwift */ = {
			isa = XCSwiftPackageProductDependency;
			package = 5162EC3F289009D000477DD6 /* XCRemoteSwiftPackageReference "GoogleSignIn-iOS" */;
			productName = GoogleSignInSwift;
		};
		5197E5D2288A869500C16ACE /* FirebaseAuth */ = {
			isa = XCSwiftPackageProductDependency;
			package = 5197E5D1288A869500C16ACE /* XCRemoteSwiftPackageReference "firebase-ios-sdk" */;
			productName = FirebaseAuth;
		};
		5197E5D4288A869500C16ACE /* FirebaseDatabase */ = {
			isa = XCSwiftPackageProductDependency;
			package = 5197E5D1288A869500C16ACE /* XCRemoteSwiftPackageReference "firebase-ios-sdk" */;
			productName = FirebaseDatabase;
		};
		5197E5D6288A869500C16ACE /* FirebaseDatabaseSwift */ = {
			isa = XCSwiftPackageProductDependency;
			package = 5197E5D1288A869500C16ACE /* XCRemoteSwiftPackageReference "firebase-ios-sdk" */;
			productName = FirebaseDatabaseSwift;
		};
		5197E5D8288A869500C16ACE /* FirebaseDynamicLinks */ = {
			isa = XCSwiftPackageProductDependency;
			package = 5197E5D1288A869500C16ACE /* XCRemoteSwiftPackageReference "firebase-ios-sdk" */;
			productName = FirebaseDynamicLinks;
		};
		5197E5DA288A869500C16ACE /* FirebaseFirestore */ = {
			isa = XCSwiftPackageProductDependency;
			package = 5197E5D1288A869500C16ACE /* XCRemoteSwiftPackageReference "firebase-ios-sdk" */;
			productName = FirebaseFirestore;
		};
		5197E5DC288A869500C16ACE /* FirebaseFirestoreCombine-Community */ = {
			isa = XCSwiftPackageProductDependency;
			package = 5197E5D1288A869500C16ACE /* XCRemoteSwiftPackageReference "firebase-ios-sdk" */;
			productName = "FirebaseFirestoreCombine-Community";
		};
		5197E5DE288A869500C16ACE /* FirebaseFirestoreSwift */ = {
			isa = XCSwiftPackageProductDependency;
			package = 5197E5D1288A869500C16ACE /* XCRemoteSwiftPackageReference "firebase-ios-sdk" */;
			productName = FirebaseFirestoreSwift;
		};
		5197E5E0288A869500C16ACE /* FirebaseFunctions */ = {
			isa = XCSwiftPackageProductDependency;
			package = 5197E5D1288A869500C16ACE /* XCRemoteSwiftPackageReference "firebase-ios-sdk" */;
			productName = FirebaseFunctions;
		};
		5197E5E2288A869500C16ACE /* FirebaseStorage */ = {
			isa = XCSwiftPackageProductDependency;
			package = 5197E5D1288A869500C16ACE /* XCRemoteSwiftPackageReference "firebase-ios-sdk" */;
			productName = FirebaseStorage;
		};
		5197E5E4288A869500C16ACE /* FirebaseStorageCombine-Community */ = {
			isa = XCSwiftPackageProductDependency;
			package = 5197E5D1288A869500C16ACE /* XCRemoteSwiftPackageReference "firebase-ios-sdk" */;
			productName = "FirebaseStorageCombine-Community";
		};
/* End XCSwiftPackageProductDependency section */

/* Begin XCVersionGroup section */
		51C68C7028893654002C2F17 /* TravelApplication.xcdatamodeld */ = {
			isa = XCVersionGroup;
			children = (
				51C68C7128893654002C2F17 /* TravelApplication.xcdatamodel */,
			);
			currentVersion = 51C68C7128893654002C2F17 /* TravelApplication.xcdatamodel */;
			path = TravelApplication.xcdatamodeld;
			sourceTree = "<group>";
			versionGroupType = wrapper.xcdatamodel;
		};
/* End XCVersionGroup section */
	};
	rootObject = 51C68C5A28893653002C2F17 /* Project object */;
}
